
Microsoft Visual Studio Solution File, Format Version 12.00
# Visual Studio Version 17
VisualStudioVersion = 17.11.35222.181
MinimumVisualStudioVersion = 10.0.40219.1
Project("{FAE04EC0-301F-11D3-BF4B-00C04F79EFBC}") = "TaskManagerCLI", "TaskManagerCLI\TaskManagerCLI.csproj", "{EE97B991-C968-457B-BDE8-6B6DC377557A}"
EndProject
Global
	GlobalSection(SolutionConfigurationPlatforms) = preSolution
		Debug|Any CPU = Debug|Any CPU
		Release|Any CPU = Release|Any CPU
	EndGlobalSection
	GlobalSection(ProjectConfigurationPlatforms) = postSolution
		{EE97B991-C968-457B-BDE8-6B6DC377557A}.Debug|Any CPU.ActiveCfg = Debug|Any CPU
		{EE97B991-C968-457B-BDE8-6B6DC377557A}.Debug|Any CPU.Build.0 = Debug|Any CPU
		{EE97B991-C968-457B-BDE8-6B6DC377557A}.Release|Any CPU.ActiveCfg = Release|Any CPU
		{EE97B991-C968-457B-BDE8-6B6DC377557A}.Release|Any CPU.Build.0 = Release|Any CPU
	EndGlobalSection
	GlobalSection(SolutionProperties) = preSolution
		HideSolutionNode = FALSE
	EndGlobalSection
	GlobalSection(ExtensibilityGlobals) = postSolution
		SolutionGuid = {1C6DED20-88FD-497A-8636-2A7CA7104394}
	EndGlobalSection
EndGlobal
